
Microsoft Visual Studio Solution File, Format Version 12.00
# Visual Studio Version 17
VisualStudioVersion = 17.4.33213.308
MinimumVisualStudioVersion = 10.0.40219.1
Project("{FAE04EC0-301F-11D3-BF4B-00C04F79EFBC}") = "Chua_PerceptronANDLogicGate", "Chua_PerceptronANDLogicGate\Chua_PerceptronANDLogicGate.csproj", "{3F68F90A-D3DC-4FAF-BA07-0D1802600164}"
EndProject
Global
	GlobalSection(SolutionConfigurationPlatforms) = preSolution
		Debug|Any CPU = Debug|Any CPU
		Release|Any CPU = Release|Any CPU
	EndGlobalSection
	GlobalSection(ProjectConfigurationPlatforms) = postSolution
		{3F68F90A-D3DC-4FAF-BA07-0D1802600164}.Debug|Any CPU.ActiveCfg = Debug|Any CPU
		{3F68F90A-D3DC-4FAF-BA07-0D1802600164}.Debug|Any CPU.Build.0 = Debug|Any CPU
		{3F68F90A-D3DC-4FAF-BA07-0D1802600164}.Release|Any CPU.ActiveCfg = Release|Any CPU
		{3F68F90A-D3DC-4FAF-BA07-0D1802600164}.Release|Any CPU.Build.0 = Release|Any CPU
	EndGlobalSection
	GlobalSection(SolutionProperties) = preSolution
		HideSolutionNode = FALSE
	EndGlobalSection
	GlobalSection(ExtensibilityGlobals) = postSolution
		SolutionGuid = {38DB8DC8-5A86-4EE0-87E0-768917093E2A}
	EndGlobalSection
EndGlobal
